
Microsoft Visual Studio Solution File, Format Version 12.00
# Visual Studio 2012
Project("{FAE04EC0-301F-11D3-BF4B-00C04F79EFBC}") = "SignalrGameDemo", "SignalrGameDemo\SignalrGameDemo.csproj", "{560A694A-4DD7-44F0-9620-7BB52D1A7251}"
EndProject
Global
	GlobalSection(SolutionConfigurationPlatforms) = preSolution
		Debug|Any CPU = Debug|Any CPU
		Release|Any CPU = Release|Any CPU
	EndGlobalSection
	GlobalSection(ProjectConfigurationPlatforms) = postSolution
		{560A694A-4DD7-44F0-9620-7BB52D1A7251}.Debug|Any CPU.ActiveCfg = Debug|Any CPU
		{560A694A-4DD7-44F0-9620-7BB52D1A7251}.Debug|Any CPU.Build.0 = Debug|Any CPU
		{560A694A-4DD7-44F0-9620-7BB52D1A7251}.Release|Any CPU.ActiveCfg = Release|Any CPU
		{560A694A-4DD7-44F0-9620-7BB52D1A7251}.Release|Any CPU.Build.0 = Release|Any CPU
	EndGlobalSection
	GlobalSection(SolutionProperties) = preSolution
		HideSolutionNode = FALSE
	EndGlobalSection
EndGlobal
